
Microsoft Visual Studio Solution File, Format Version 12.00
# Visual Studio Version 17
VisualStudioVersion = 17.5.002.0
MinimumVisualStudioVersion = 10.0.40219.1
Project("{9A19103F-16F7-4668-BE54-9A1E7A4F7556}") = "WebApi", "WebApi.csproj", "{43D94E8A-0991-446A-A745-0E500D4AC2C8}"
EndProject
Global
	GlobalSection(SolutionConfigurationPlatforms) = preSolution
		Debug|Any CPU = Debug|Any CPU
		Release|Any CPU = Release|Any CPU
	EndGlobalSection
	GlobalSection(ProjectConfigurationPlatforms) = postSolution
		{43D94E8A-0991-446A-A745-0E500D4AC2C8}.Debug|Any CPU.ActiveCfg = Debug|Any CPU
		{43D94E8A-0991-446A-A745-0E500D4AC2C8}.Debug|Any CPU.Build.0 = Debug|Any CPU
		{43D94E8A-0991-446A-A745-0E500D4AC2C8}.Release|Any CPU.ActiveCfg = Release|Any CPU
		{43D94E8A-0991-446A-A745-0E500D4AC2C8}.Release|Any CPU.Build.0 = Release|Any CPU
	EndGlobalSection
	GlobalSection(SolutionProperties) = preSolution
		HideSolutionNode = FALSE
	EndGlobalSection
	GlobalSection(ExtensibilityGlobals) = postSolution
		SolutionGuid = {383F8B4B-C1A2-4AF4-8E37-021E3E2BCD13}
	EndGlobalSection
EndGlobal
